
Microsoft Visual Studio Solution File, Format Version 12.00
# Visual Studio Version 17
VisualStudioVersion = 17.10.35027.167
MinimumVisualStudioVersion = 10.0.40219.1
Project("{FAE04EC0-301F-11D3-BF4B-00C04F79EFBC}") = "Task_Planner", "Task_Planner\Task_Planner.csproj", "{2081D98B-6AA0-42B4-B66E-48622434C626}"
EndProject
Global
	GlobalSection(SolutionConfigurationPlatforms) = preSolution
		Debug|Any CPU = Debug|Any CPU
		Release|Any CPU = Release|Any CPU
	EndGlobalSection
	GlobalSection(ProjectConfigurationPlatforms) = postSolution
		{2081D98B-6AA0-42B4-B66E-48622434C626}.Debug|Any CPU.ActiveCfg = Debug|Any CPU
		{2081D98B-6AA0-42B4-B66E-48622434C626}.Debug|Any CPU.Build.0 = Debug|Any CPU
		{2081D98B-6AA0-42B4-B66E-48622434C626}.Debug|Any CPU.Deploy.0 = Debug|Any CPU
		{2081D98B-6AA0-42B4-B66E-48622434C626}.Release|Any CPU.ActiveCfg = Release|Any CPU
		{2081D98B-6AA0-42B4-B66E-48622434C626}.Release|Any CPU.Build.0 = Release|Any CPU
		{2081D98B-6AA0-42B4-B66E-48622434C626}.Release|Any CPU.Deploy.0 = Release|Any CPU
	EndGlobalSection
	GlobalSection(SolutionProperties) = preSolution
		HideSolutionNode = FALSE
	EndGlobalSection
	GlobalSection(ExtensibilityGlobals) = postSolution
		SolutionGuid = {21F976FC-905D-4790-ACF2-ED830112CB8B}
	EndGlobalSection
EndGlobal
